
Microsoft Visual Studio Solution File, Format Version 12.00
# Visual Studio Version 16
VisualStudioVersion = 16.0.33927.289
MinimumVisualStudioVersion = 10.0.40219.1
Project("{2150E333-8FDC-42A3-9474-1A3956D46DE8}") = "Task0", "Task0", "{A20A8992-9F38-4F2D-B1A9-32ADF70A0203}"
EndProject
Project("{FAE04EC0-301F-11D3-BF4B-00C04F79EFBC}") = "Tyuiu.UleevRI.Sprint1.Task0.V20", "Tyuiu.UleevRI.Sprint1.Task0.V20\Tyuiu.UleevRI.Sprint1.Task0.V20.csproj", "{153C63C3-1040-4195-821A-7886B7D47149}"
EndProject
Project("{FAE04EC0-301F-11D3-BF4B-00C04F79EFBC}") = "Tyuiu.UleevRI.Sprint1.Task0.V20.Lib", "Tyuiu.UleevRI.Sprint1.Task0.V20.Lib\Tyuiu.UleevRI.Sprint1.Task0.V20.Lib.csproj", "{F09A983B-FC4F-4E7F-9E3D-312ADED2755F}"
EndProject
Project("{FAE04EC0-301F-11D3-BF4B-00C04F79EFBC}") = "Tyuiu.UleevRI.Sprint1.Task0.V20.Test", "Tyuiu.UleevRI.Sprint1.Task0.V20.Test\Tyuiu.UleevRI.Sprint1.Task0.V20.Test.csproj", "{5A4629E3-68E0-4C23-AA65-89F0AFFEA15C}"
EndProject
Project("{2150E333-8FDC-42A3-9474-1A3956D46DE8}") = "Task1", "Task1", "{7E4A7BE6-B33F-4566-80F8-681756C5EC95}"
EndProject
Project("{FAE04EC0-301F-11D3-BF4B-00C04F79EFBC}") = "Tyuiu.UleevRI.Sprint1.Task1.V14", "Tyuiu.UleevRI.Sprint1.Task1.V14\Tyuiu.UleevRI.Sprint1.Task1.V14.csproj", "{9A60E293-A696-4610-BA10-8270F56A042E}"
EndProject
Project("{FAE04EC0-301F-11D3-BF4B-00C04F79EFBC}") = "Tyuiu.UleevRI.Sprint1.Task1.V14.Lib", "Tyuiu.UleevRI.Sprint1.Task1.V14.Lib\Tyuiu.UleevRI.Sprint1.Task1.V14.Lib.csproj", "{8C1157AD-A181-4EC2-862A-5F80BF86D18D}"
EndProject
Project("{FAE04EC0-301F-11D3-BF4B-00C04F79EFBC}") = "Tyuiu.UleevRI.Sprint1.Task1.V14.Test", "Tyuiu.UleevRI.Sprint1.Task1.V14.Test\Tyuiu.UleevRI.Sprint1.Task1.V14.Test.csproj", "{8D00F92F-D7B9-4A7C-B937-1520457D703D}"
EndProject
Project("{2150E333-8FDC-42A3-9474-1A3956D46DE8}") = "Task2", "Task2", "{5948DA62-2C73-4EA7-8F0F-FDE5D94FBA22}"
EndProject
Project("{FAE04EC0-301F-11D3-BF4B-00C04F79EFBC}") = "Tyuiu.UleevRI.Sprint1.Task2.V22", "Tyuiu.UleevRI.Sprint1.Task2.V22\Tyuiu.UleevRI.Sprint1.Task2.V22.csproj", "{03D3FD26-C02E-4A07-911C-9EB0F1AB8025}"
EndProject
Project("{FAE04EC0-301F-11D3-BF4B-00C04F79EFBC}") = "Tyuiu.UleevRI.Sprint1.Task2.V22.Lib", "Tyuiu.UleevRI.Sprint1.Task2.V22.Lib\Tyuiu.UleevRI.Sprint1.Task2.V22.Lib.csproj", "{3AF03508-6B8F-4346-AB9A-2E5F341A0E15}"
EndProject
Project("{FAE04EC0-301F-11D3-BF4B-00C04F79EFBC}") = "Tyuiu.UleevRI.Sprint1.Task2.V22.Test", "Tyuiu.UleevRI.Sprint1.Task2.V22.Test\Tyuiu.UleevRI.Sprint1.Task2.V22.Test.csproj", "{3BC2E504-C789-4E85-A50F-0FB7BBD59557}"
EndProject
Project("{2150E333-8FDC-42A3-9474-1A3956D46DE8}") = "Task3", "Task3", "{A3CA753F-142E-489E-A16A-AB47472C3ABB}"
EndProject
Project("{FAE04EC0-301F-11D3-BF4B-00C04F79EFBC}") = "Tyuiu.UleevRI.Sprint1.Task3.V13", "Tyuiu.UleevRI.Sprint1.Task3.V13\Tyuiu.UleevRI.Sprint1.Task3.V13.csproj", "{81A7EB23-AD46-4FDE-856A-615FFFA01E3B}"
EndProject
Project("{FAE04EC0-301F-11D3-BF4B-00C04F79EFBC}") = "Tyuiu.UleevRI.Sprint1.Task3.V13.Lib", "Tyuiu.UleevRI.Sprint1.Task3.V13.Lib\Tyuiu.UleevRI.Sprint1.Task3.V13.Lib.csproj", "{2133FBE1-FAF1-4779-B943-26DDAFA59D64}"
EndProject
Project("{FAE04EC0-301F-11D3-BF4B-00C04F79EFBC}") = "Tyuiu.UleevRI.Sprint1.Task3.V13.Test", "Tyuiu.UleevRI.Sprint1.Task3.V13.Test\Tyuiu.UleevRI.Sprint1.Task3.V13.Test.csproj", "{3641F29A-7B23-4B5F-A542-B8D3C8262813}"
EndProject
Global
	GlobalSection(SolutionConfigurationPlatforms) = preSolution
		Debug|Any CPU = Debug|Any CPU
		Release|Any CPU = Release|Any CPU
	EndGlobalSection
	GlobalSection(ProjectConfigurationPlatforms) = postSolution
		{153C63C3-1040-4195-821A-7886B7D47149}.Debug|Any CPU.ActiveCfg = Debug|Any CPU
		{153C63C3-1040-4195-821A-7886B7D47149}.Debug|Any CPU.Build.0 = Debug|Any CPU
		{153C63C3-1040-4195-821A-7886B7D47149}.Release|Any CPU.ActiveCfg = Release|Any CPU
		{153C63C3-1040-4195-821A-7886B7D47149}.Release|Any CPU.Build.0 = Release|Any CPU
		{F09A983B-FC4F-4E7F-9E3D-312ADED2755F}.Debug|Any CPU.ActiveCfg = Debug|Any CPU
		{F09A983B-FC4F-4E7F-9E3D-312ADED2755F}.Debug|Any CPU.Build.0 = Debug|Any CPU
		{F09A983B-FC4F-4E7F-9E3D-312ADED2755F}.Release|Any CPU.ActiveCfg = Release|Any CPU
		{F09A983B-FC4F-4E7F-9E3D-312ADED2755F}.Release|Any CPU.Build.0 = Release|Any CPU
		{5A4629E3-68E0-4C23-AA65-89F0AFFEA15C}.Debug|Any CPU.ActiveCfg = Debug|Any CPU
		{5A4629E3-68E0-4C23-AA65-89F0AFFEA15C}.Debug|Any CPU.Build.0 = Debug|Any CPU
		{5A4629E3-68E0-4C23-AA65-89F0AFFEA15C}.Release|Any CPU.ActiveCfg = Release|Any CPU
		{5A4629E3-68E0-4C23-AA65-89F0AFFEA15C}.Release|Any CPU.Build.0 = Release|Any CPU
		{9A60E293-A696-4610-BA10-8270F56A042E}.Debug|Any CPU.ActiveCfg = Debug|Any CPU
		{9A60E293-A696-4610-BA10-8270F56A042E}.Debug|Any CPU.Build.0 = Debug|Any CPU
		{9A60E293-A696-4610-BA10-8270F56A042E}.Release|Any CPU.ActiveCfg = Release|Any CPU
		{9A60E293-A696-4610-BA10-8270F56A042E}.Release|Any CPU.Build.0 = Release|Any CPU
		{8C1157AD-A181-4EC2-862A-5F80BF86D18D}.Debug|Any CPU.ActiveCfg = Debug|Any CPU
		{8C1157AD-A181-4EC2-862A-5F80BF86D18D}.Debug|Any CPU.Build.0 = Debug|Any CPU
		{8C1157AD-A181-4EC2-862A-5F80BF86D18D}.Release|Any CPU.ActiveCfg = Release|Any CPU
		{8C1157AD-A181-4EC2-862A-5F80BF86D18D}.Release|Any CPU.Build.0 = Release|Any CPU
		{8D00F92F-D7B9-4A7C-B937-1520457D703D}.Debug|Any CPU.ActiveCfg = Debug|Any CPU
		{8D00F92F-D7B9-4A7C-B937-1520457D703D}.Debug|Any CPU.Build.0 = Debug|Any CPU
		{8D00F92F-D7B9-4A7C-B937-1520457D703D}.Release|Any CPU.ActiveCfg = Release|Any CPU
		{8D00F92F-D7B9-4A7C-B937-1520457D703D}.Release|Any CPU.Build.0 = Release|Any CPU
		{03D3FD26-C02E-4A07-911C-9EB0F1AB8025}.Debug|Any CPU.ActiveCfg = Debug|Any CPU
		{03D3FD26-C02E-4A07-911C-9EB0F1AB8025}.Debug|Any CPU.Build.0 = Debug|Any CPU
		{03D3FD26-C02E-4A07-911C-9EB0F1AB8025}.Release|Any CPU.ActiveCfg = Release|Any CPU
		{03D3FD26-C02E-4A07-911C-9EB0F1AB8025}.Release|Any CPU.Build.0 = Release|Any CPU
		{3AF03508-6B8F-4346-AB9A-2E5F341A0E15}.Debug|Any CPU.ActiveCfg = Debug|Any CPU
		{3AF03508-6B8F-4346-AB9A-2E5F341A0E15}.Debug|Any CPU.Build.0 = Debug|Any CPU
		{3AF03508-6B8F-4346-AB9A-2E5F341A0E15}.Release|Any CPU.ActiveCfg = Release|Any CPU
		{3AF03508-6B8F-4346-AB9A-2E5F341A0E15}.Release|Any CPU.Build.0 = Release|Any CPU
		{3BC2E504-C789-4E85-A50F-0FB7BBD59557}.Debug|Any CPU.ActiveCfg = Debug|Any CPU
		{3BC2E504-C789-4E85-A50F-0FB7BBD59557}.Debug|Any CPU.Build.0 = Debug|Any CPU
		{3BC2E504-C789-4E85-A50F-0FB7BBD59557}.Release|Any CPU.ActiveCfg = Release|Any CPU
		{3BC2E504-C789-4E85-A50F-0FB7BBD59557}.Release|Any CPU.Build.0 = Release|Any CPU
		{81A7EB23-AD46-4FDE-856A-615FFFA01E3B}.Debug|Any CPU.ActiveCfg = Debug|Any CPU
		{81A7EB23-AD46-4FDE-856A-615FFFA01E3B}.Debug|Any CPU.Build.0 = Debug|Any CPU
		{81A7EB23-AD46-4FDE-856A-615FFFA01E3B}.Release|Any CPU.ActiveCfg = Release|Any CPU
		{81A7EB23-AD46-4FDE-856A-615FFFA01E3B}.Release|Any CPU.Build.0 = Release|Any CPU
		{2133FBE1-FAF1-4779-B943-26DDAFA59D64}.Debug|Any CPU.ActiveCfg = Debug|Any CPU
		{2133FBE1-FAF1-4779-B943-26DDAFA59D64}.Debug|Any CPU.Build.0 = Debug|Any CPU
		{2133FBE1-FAF1-4779-B943-26DDAFA59D64}.Release|Any CPU.ActiveCfg = Release|Any CPU
		{2133FBE1-FAF1-4779-B943-26DDAFA59D64}.Release|Any CPU.Build.0 = Release|Any CPU
		{3641F29A-7B23-4B5F-A542-B8D3C8262813}.Debug|Any CPU.ActiveCfg = Debug|Any CPU
		{3641F29A-7B23-4B5F-A542-B8D3C8262813}.Debug|Any CPU.Build.0 = Debug|Any CPU
		{3641F29A-7B23-4B5F-A542-B8D3C8262813}.Release|Any CPU.ActiveCfg = Release|Any CPU
		{3641F29A-7B23-4B5F-A542-B8D3C8262813}.Release|Any CPU.Build.0 = Release|Any CPU
	EndGlobalSection
	GlobalSection(SolutionProperties) = preSolution
		HideSolutionNode = FALSE
	EndGlobalSection
	GlobalSection(NestedProjects) = preSolution
		{153C63C3-1040-4195-821A-7886B7D47149} = {A20A8992-9F38-4F2D-B1A9-32ADF70A0203}
		{F09A983B-FC4F-4E7F-9E3D-312ADED2755F} = {A20A8992-9F38-4F2D-B1A9-32ADF70A0203}
		{5A4629E3-68E0-4C23-AA65-89F0AFFEA15C} = {A20A8992-9F38-4F2D-B1A9-32ADF70A0203}
		{9A60E293-A696-4610-BA10-8270F56A042E} = {7E4A7BE6-B33F-4566-80F8-681756C5EC95}
		{8C1157AD-A181-4EC2-862A-5F80BF86D18D} = {7E4A7BE6-B33F-4566-80F8-681756C5EC95}
		{8D00F92F-D7B9-4A7C-B937-1520457D703D} = {7E4A7BE6-B33F-4566-80F8-681756C5EC95}
		{03D3FD26-C02E-4A07-911C-9EB0F1AB8025} = {5948DA62-2C73-4EA7-8F0F-FDE5D94FBA22}
		{3AF03508-6B8F-4346-AB9A-2E5F341A0E15} = {5948DA62-2C73-4EA7-8F0F-FDE5D94FBA22}
		{3BC2E504-C789-4E85-A50F-0FB7BBD59557} = {5948DA62-2C73-4EA7-8F0F-FDE5D94FBA22}
		{81A7EB23-AD46-4FDE-856A-615FFFA01E3B} = {A3CA753F-142E-489E-A16A-AB47472C3ABB}
		{2133FBE1-FAF1-4779-B943-26DDAFA59D64} = {A3CA753F-142E-489E-A16A-AB47472C3ABB}
		{3641F29A-7B23-4B5F-A542-B8D3C8262813} = {A3CA753F-142E-489E-A16A-AB47472C3ABB}
	EndGlobalSection
	GlobalSection(ExtensibilityGlobals) = postSolution
		SolutionGuid = {37D18355-E57F-42F8-8F51-9BBD79B134AC}
	EndGlobalSection
EndGlobal
